
Microsoft Visual Studio Solution File, Format Version 12.00
# Visual Studio Version 17
VisualStudioVersion = 17.3.32825.248
MinimumVisualStudioVersion = 10.0.40219.1
Project("{2150E333-8FDC-42A3-9474-1A3956D46DE8}") = "Catalog", "Catalog", "{153594DB-7EE3-44AA-94E8-0D7EC48C0771}"
EndProject
Project("{2150E333-8FDC-42A3-9474-1A3956D46DE8}") = "src", "src", "{8907F2F6-5B2F-4577-ABB0-2F2BC4880FA8}"
EndProject
Project("{9A19103F-16F7-4668-BE54-9A1E7A4F7556}") = "Application", "CatalogService\src\Application\Application.csproj", "{6EFF30B6-D17C-4043-B7BD-7701A2A782F2}"
EndProject
Project("{9A19103F-16F7-4668-BE54-9A1E7A4F7556}") = "Domain", "CatalogService\src\Domain\Domain.csproj", "{E977F22B-8186-4145-9216-BC5C15992792}"
EndProject
Project("{9A19103F-16F7-4668-BE54-9A1E7A4F7556}") = "Infrastructure", "CatalogService\src\Infrastructure\Infrastructure.csproj", "{D211B50C-C9D0-4464-8E87-796DFD24A28A}"
EndProject
Project("{9A19103F-16F7-4668-BE54-9A1E7A4F7556}") = "API", "CatalogService\src\API\API.csproj", "{D02B14FF-21CD-4C9F-BE61-46B9D5951C0B}"
EndProject
Project("{9A19103F-16F7-4668-BE54-9A1E7A4F7556}") = "CartingService", "CartingService\CartingService.csproj", "{CA5AE020-4FAA-4FC6-80C7-7BF7B6696A4C}"
EndProject
Project("{2150E333-8FDC-42A3-9474-1A3956D46DE8}") = "Carting", "Carting", "{086B9BAE-1DCB-4E5D-B01E-6DFC62AAF3D8}"
EndProject
Project("{2150E333-8FDC-42A3-9474-1A3956D46DE8}") = "tests", "tests", "{60D1240C-0603-4948-AD1E-7296170DA061}"
EndProject
Project("{9A19103F-16F7-4668-BE54-9A1E7A4F7556}") = "Application.UnitTests", "CatalogService\tests\Application.UnitTests\Application.UnitTests.csproj", "{C66D0926-53AA-43E7-B446-53EF1D618CBE}"
EndProject
Project("{9A19103F-16F7-4668-BE54-9A1E7A4F7556}") = "Application.IntegrationTests", "CatalogService\tests\Application.IntegrationTests\Application.IntegrationTests.csproj", "{9A0C1D95-58CA-4F20-97EB-468439ED3997}"
EndProject
Project("{9A19103F-16F7-4668-BE54-9A1E7A4F7556}") = "Messaging.Producer", "Messaging.Producer\Messaging.Producer.csproj", "{15383F8D-EC39-4A1D-BD87-085D812D26FE}"
EndProject
Project("{9A19103F-16F7-4668-BE54-9A1E7A4F7556}") = "Messaging.Abstractions", "Messaging.Abstractions\Messaging.Abstractions.csproj", "{DB63D020-68C8-4D81-8CB7-4D1607677CC8}"
EndProject
Project("{9A19103F-16F7-4668-BE54-9A1E7A4F7556}") = "Messaging.Consumer", "Messaging.Consumer\Messaging.Consumer.csproj", "{59ACA916-540F-48A7-8175-6B8E83FE249E}"
EndProject
Global
	GlobalSection(SolutionConfigurationPlatforms) = preSolution
		Debug|Any CPU = Debug|Any CPU
		Release|Any CPU = Release|Any CPU
	EndGlobalSection
	GlobalSection(ProjectConfigurationPlatforms) = postSolution
		{6EFF30B6-D17C-4043-B7BD-7701A2A782F2}.Debug|Any CPU.ActiveCfg = Debug|Any CPU
		{6EFF30B6-D17C-4043-B7BD-7701A2A782F2}.Debug|Any CPU.Build.0 = Debug|Any CPU
		{6EFF30B6-D17C-4043-B7BD-7701A2A782F2}.Release|Any CPU.ActiveCfg = Release|Any CPU
		{6EFF30B6-D17C-4043-B7BD-7701A2A782F2}.Release|Any CPU.Build.0 = Release|Any CPU
		{E977F22B-8186-4145-9216-BC5C15992792}.Debug|Any CPU.ActiveCfg = Debug|Any CPU
		{E977F22B-8186-4145-9216-BC5C15992792}.Debug|Any CPU.Build.0 = Debug|Any CPU
		{E977F22B-8186-4145-9216-BC5C15992792}.Release|Any CPU.ActiveCfg = Release|Any CPU
		{E977F22B-8186-4145-9216-BC5C15992792}.Release|Any CPU.Build.0 = Release|Any CPU
		{D211B50C-C9D0-4464-8E87-796DFD24A28A}.Debug|Any CPU.ActiveCfg = Debug|Any CPU
		{D211B50C-C9D0-4464-8E87-796DFD24A28A}.Debug|Any CPU.Build.0 = Debug|Any CPU
		{D211B50C-C9D0-4464-8E87-796DFD24A28A}.Release|Any CPU.ActiveCfg = Release|Any CPU
		{D211B50C-C9D0-4464-8E87-796DFD24A28A}.Release|Any CPU.Build.0 = Release|Any CPU
		{D02B14FF-21CD-4C9F-BE61-46B9D5951C0B}.Debug|Any CPU.ActiveCfg = Debug|Any CPU
		{D02B14FF-21CD-4C9F-BE61-46B9D5951C0B}.Debug|Any CPU.Build.0 = Debug|Any CPU
		{D02B14FF-21CD-4C9F-BE61-46B9D5951C0B}.Release|Any CPU.ActiveCfg = Release|Any CPU
		{D02B14FF-21CD-4C9F-BE61-46B9D5951C0B}.Release|Any CPU.Build.0 = Release|Any CPU
		{CA5AE020-4FAA-4FC6-80C7-7BF7B6696A4C}.Debug|Any CPU.ActiveCfg = Debug|Any CPU
		{CA5AE020-4FAA-4FC6-80C7-7BF7B6696A4C}.Debug|Any CPU.Build.0 = Debug|Any CPU
		{CA5AE020-4FAA-4FC6-80C7-7BF7B6696A4C}.Release|Any CPU.ActiveCfg = Release|Any CPU
		{CA5AE020-4FAA-4FC6-80C7-7BF7B6696A4C}.Release|Any CPU.Build.0 = Release|Any CPU
		{C66D0926-53AA-43E7-B446-53EF1D618CBE}.Debug|Any CPU.ActiveCfg = Debug|Any CPU
		{C66D0926-53AA-43E7-B446-53EF1D618CBE}.Debug|Any CPU.Build.0 = Debug|Any CPU
		{C66D0926-53AA-43E7-B446-53EF1D618CBE}.Release|Any CPU.ActiveCfg = Release|Any CPU
		{C66D0926-53AA-43E7-B446-53EF1D618CBE}.Release|Any CPU.Build.0 = Release|Any CPU
		{9A0C1D95-58CA-4F20-97EB-468439ED3997}.Debug|Any CPU.ActiveCfg = Debug|Any CPU
		{9A0C1D95-58CA-4F20-97EB-468439ED3997}.Debug|Any CPU.Build.0 = Debug|Any CPU
		{9A0C1D95-58CA-4F20-97EB-468439ED3997}.Release|Any CPU.ActiveCfg = Release|Any CPU
		{9A0C1D95-58CA-4F20-97EB-468439ED3997}.Release|Any CPU.Build.0 = Release|Any CPU
		{15383F8D-EC39-4A1D-BD87-085D812D26FE}.Debug|Any CPU.ActiveCfg = Debug|Any CPU
		{15383F8D-EC39-4A1D-BD87-085D812D26FE}.Debug|Any CPU.Build.0 = Debug|Any CPU
		{15383F8D-EC39-4A1D-BD87-085D812D26FE}.Release|Any CPU.ActiveCfg = Release|Any CPU
		{15383F8D-EC39-4A1D-BD87-085D812D26FE}.Release|Any CPU.Build.0 = Release|Any CPU
		{DB63D020-68C8-4D81-8CB7-4D1607677CC8}.Debug|Any CPU.ActiveCfg = Debug|Any CPU
		{DB63D020-68C8-4D81-8CB7-4D1607677CC8}.Debug|Any CPU.Build.0 = Debug|Any CPU
		{DB63D020-68C8-4D81-8CB7-4D1607677CC8}.Release|Any CPU.ActiveCfg = Release|Any CPU
		{DB63D020-68C8-4D81-8CB7-4D1607677CC8}.Release|Any CPU.Build.0 = Release|Any CPU
		{59ACA916-540F-48A7-8175-6B8E83FE249E}.Debug|Any CPU.ActiveCfg = Debug|Any CPU
		{59ACA916-540F-48A7-8175-6B8E83FE249E}.Debug|Any CPU.Build.0 = Debug|Any CPU
		{59ACA916-540F-48A7-8175-6B8E83FE249E}.Release|Any CPU.ActiveCfg = Release|Any CPU
		{59ACA916-540F-48A7-8175-6B8E83FE249E}.Release|Any CPU.Build.0 = Release|Any CPU
	EndGlobalSection
	GlobalSection(SolutionProperties) = preSolution
		HideSolutionNode = FALSE
	EndGlobalSection
	GlobalSection(NestedProjects) = preSolution
		{8907F2F6-5B2F-4577-ABB0-2F2BC4880FA8} = {153594DB-7EE3-44AA-94E8-0D7EC48C0771}
		{6EFF30B6-D17C-4043-B7BD-7701A2A782F2} = {8907F2F6-5B2F-4577-ABB0-2F2BC4880FA8}
		{E977F22B-8186-4145-9216-BC5C15992792} = {8907F2F6-5B2F-4577-ABB0-2F2BC4880FA8}
		{D211B50C-C9D0-4464-8E87-796DFD24A28A} = {8907F2F6-5B2F-4577-ABB0-2F2BC4880FA8}
		{D02B14FF-21CD-4C9F-BE61-46B9D5951C0B} = {8907F2F6-5B2F-4577-ABB0-2F2BC4880FA8}
		{CA5AE020-4FAA-4FC6-80C7-7BF7B6696A4C} = {086B9BAE-1DCB-4E5D-B01E-6DFC62AAF3D8}
		{60D1240C-0603-4948-AD1E-7296170DA061} = {153594DB-7EE3-44AA-94E8-0D7EC48C0771}
		{C66D0926-53AA-43E7-B446-53EF1D618CBE} = {60D1240C-0603-4948-AD1E-7296170DA061}
		{9A0C1D95-58CA-4F20-97EB-468439ED3997} = {60D1240C-0603-4948-AD1E-7296170DA061}
	EndGlobalSection
	GlobalSection(ExtensibilityGlobals) = postSolution
		SolutionGuid = {354D4494-215F-4C36-AA2D-266325A58623}
	EndGlobalSection
EndGlobal
